
Microsoft Visual Studio Solution File, Format Version 12.00
# Visual Studio Version 16
VisualStudioVersion = 16.0.30516.212
MinimumVisualStudioVersion = 10.0.40219.1
Project("{FAE04EC0-301F-11D3-BF4B-00C04F79EFBC}") = "Monopoly", "Monopoly\Monopoly.csproj", "{FC4559F2-10A0-44A2-9185-908C1670FEFB}"
EndProject
Global
	GlobalSection(SolutionConfigurationPlatforms) = preSolution
		Debug|Any CPU = Debug|Any CPU
		Release|Any CPU = Release|Any CPU
	EndGlobalSection
	GlobalSection(ProjectConfigurationPlatforms) = postSolution
		{FC4559F2-10A0-44A2-9185-908C1670FEFB}.Debug|Any CPU.ActiveCfg = Debug|Any CPU
		{FC4559F2-10A0-44A2-9185-908C1670FEFB}.Debug|Any CPU.Build.0 = Debug|Any CPU
		{FC4559F2-10A0-44A2-9185-908C1670FEFB}.Release|Any CPU.ActiveCfg = Release|Any CPU
		{FC4559F2-10A0-44A2-9185-908C1670FEFB}.Release|Any CPU.Build.0 = Release|Any CPU
	EndGlobalSection
	GlobalSection(SolutionProperties) = preSolution
		HideSolutionNode = FALSE
	EndGlobalSection
	GlobalSection(ExtensibilityGlobals) = postSolution
		SolutionGuid = {74B3CFE5-7EAD-40FE-BCFF-E0CD0C341009}
	EndGlobalSection
EndGlobal
